<Solution>
  <Folder Name="/Solution Items/">
    <File Path="compose.yaml" />
  </Folder>
  <Project Path="TransSolutions.Api\TransSolutions.Api.csproj" />
  <Project Path="TransSolutions.Core\TransSolutions.Core.csproj" />
  <Project Path="TransSolutions.Infrastructure/TransSolutions.Infrastructure.csproj" />
  <Project Path="TransSolutions.Shared/TransSolutions.Shared.csproj" />
  <Project Path="TransSolutions.Testing/TransSolutions.Testing.csproj" />
</Solution>
